# THIS IS AN AUTOGENERATED FILE. DO NOT EDIT THIS FILE DIRECTLY.
# yarn lockfile v1


nodemailer@^7.0.12:
  version "7.0.12"
  resolved "https://registry.yarnpkg.com/nodemailer/-/nodemailer-7.0.12.tgz#b6b7bb05566c6c8458ee360aa30a407a478d35b7"
  integrity sha512-H+rnK5bX2Pi/6ms3sN4/jRQvYSMltV6vqup/0SFOrxYYY/qoNvhXPlYq3e+Pm9RFJRwrMGbMIwi81M4dxpomhA==
